#
# This file is autogenerated by pip-compile with Python 3.12
# by the following command:
#
#    pip-compile --extra=document-intel --output-file=requirements-docker.lock --strip-extras pyproject.toml
#
annotated-doc==0.0.5
    # via fastapi
annotated-types==0.8.0
    # via pydantic
anyio==4.14.2
    # via
    #   httpx
    #   langsmith
    #   openai
    #   starlette
    #   watchfiles
certifi==2026.7.22
    # via
    #   httpcore
    #   httpx
    #   pyproj
    #   requests
cffi==2.1.1
    # via cryptography
charset-normalizer==3.4.9
    # via
    #   pdfminer-six
    #   requests
click==8.4.2
    # via uvicorn
cryptography==50.0.0
    # via pdfminer-six
distro==1.9.0
    # via
    #   langsmith
    #   openai
ezdxf==1.4.4
    # via agentic-ai-3d-telecom-studio (pyproject.toml)
fastapi==0.141.1
    # via agentic-ai-3d-telecom-studio (pyproject.toml)
fonttools==4.63.0
    # via ezdxf
greenlet==3.5.4
    # via sqlalchemy
grpcio==1.83.0
    # via qdrant-client
h11==0.16.0
    # via
    #   httpcore
    #   uvicorn
h2==4.4.1
    # via httpx
hpack==4.2.0
    # via h2
httpcore==1.0.9
    # via httpx
httptools==0.8.0
    # via uvicorn
httpx==0.28.1
    # via
    #   agentic-ai-3d-telecom-studio (pyproject.toml)
    #   langgraph-sdk
    #   langsmith
    #   openai
    #   qdrant-client
hyperframe==6.1.0
    # via h2
idna==3.18
    # via
    #   anyio
    #   httpx
    #   requests
jiter==0.16.0
    # via openai
jsonpatch==1.33
    # via langchain-core
jsonpointer==3.1.1
    # via jsonpatch
langchain-core==1.5.3
    # via
    #   langgraph
    #   langgraph-checkpoint
    #   langgraph-prebuilt
    #   langgraph-sdk
langchain-protocol==0.0.18
    # via
    #   langchain-core
    #   langgraph-sdk
langgraph==1.2.10
    # via agentic-ai-3d-telecom-studio (pyproject.toml)
langgraph-checkpoint==4.1.1
    # via
    #   langgraph
    #   langgraph-prebuilt
langgraph-prebuilt==1.1.0
    # via langgraph
langgraph-sdk==0.4.2
    # via langgraph
langsmith==0.10.15
    # via
    #   agentic-ai-3d-telecom-studio (pyproject.toml)
    #   langchain-core
numpy==2.5.1
    # via
    #   ezdxf
    #   qdrant-client
openai==2.53.0
    # via agentic-ai-3d-telecom-studio (pyproject.toml)
orjson==3.11.9
    # via
    #   langgraph-sdk
    #   langsmith
ormsgpack==1.12.2
    # via langgraph-checkpoint
packaging==26.2
    # via
    #   langchain-core
    #   langsmith
    #   pytesseract
pdfminer-six==20260107
    # via pdfplumber
pdfplumber==0.11.10
    # via agentic-ai-3d-telecom-studio (pyproject.toml)
pillow==12.3.0
    # via
    #   agentic-ai-3d-telecom-studio (pyproject.toml)
    #   pdfplumber
    #   pytesseract
portalocker==3.2.0
    # via qdrant-client
protobuf==7.35.1
    # via qdrant-client
pycparser==3.0
    # via cffi
pydantic==2.13.4
    # via
    #   agentic-ai-3d-telecom-studio (pyproject.toml)
    #   fastapi
    #   langchain-core
    #   langgraph
    #   langsmith
    #   openai
    #   pydantic-settings
    #   qdrant-client
pydantic-core==2.46.4
    # via pydantic
pydantic-settings==2.14.2
    # via agentic-ai-3d-telecom-studio (pyproject.toml)
pymupdf==1.28.0
    # via agentic-ai-3d-telecom-studio (pyproject.toml)
pyparsing==3.3.2
    # via ezdxf
pypdfium2==5.12.1
    # via pdfplumber
pyproj==3.7.2
    # via agentic-ai-3d-telecom-studio (pyproject.toml)
pytesseract==0.3.13
    # via agentic-ai-3d-telecom-studio (pyproject.toml)
python-dotenv==1.2.2
    # via
    #   pydantic-settings
    #   uvicorn
python-multipart==0.0.32
    # via agentic-ai-3d-telecom-studio (pyproject.toml)
pyyaml==6.0.3
    # via
    #   langchain-core
    #   uvicorn
qdrant-client==1.18.0
    # via agentic-ai-3d-telecom-studio (pyproject.toml)
requests==2.34.2
    # via
    #   langsmith
    #   requests-toolbelt
requests-toolbelt==1.0.0
    # via langsmith
sniffio==1.3.1
    # via
    #   langsmith
    #   openai
sqlalchemy==2.0.51
    # via agentic-ai-3d-telecom-studio (pyproject.toml)
starlette==1.3.1
    # via fastapi
tenacity==9.1.4
    # via langchain-core
tqdm==4.70.0
    # via openai
typing-extensions==4.16.0
    # via
    #   anyio
    #   ezdxf
    #   fastapi
    #   grpcio
    #   langchain-core
    #   langchain-protocol
    #   langsmith
    #   openai
    #   pydantic
    #   pydantic-core
    #   sqlalchemy
    #   starlette
    #   typing-inspection
typing-inspection==0.4.2
    # via
    #   fastapi
    #   pydantic
    #   pydantic-settings
urllib3==2.7.0
    # via
    #   qdrant-client
    #   requests
uuid-utils==0.17.0
    # via
    #   langchain-core
    #   langsmith
uvicorn==0.52.1
    # via agentic-ai-3d-telecom-studio (pyproject.toml)
uvloop==0.22.1
    # via uvicorn
watchfiles==1.2.0
    # via uvicorn
websockets==15.0.1
    # via
    #   langgraph-sdk
    #   langsmith
    #   uvicorn
xxhash==3.8.1
    # via
    #   langgraph
    #   langsmith
zstandard==0.25.0
    # via langsmith
